
Microsoft Visual Studio Solution File, Format Version 12.00
# Visual Studio Version 16
VisualStudioVersion = 16.0.29905.134
MinimumVisualStudioVersion = 10.0.40219.1
Project("{FAE04EC0-301F-11D3-BF4B-00C04F79EFBC}") = "Database_Group_Project", "Database_Group_Project\Database_Group_Project.csproj", "{F53DD2B4-0498-405D-A236-3682CD534CB6}"
EndProject
Global
	GlobalSection(SolutionConfigurationPlatforms) = preSolution
		Debug|Any CPU = Debug|Any CPU
		Release|Any CPU = Release|Any CPU
	EndGlobalSection
	GlobalSection(ProjectConfigurationPlatforms) = postSolution
		{F53DD2B4-0498-405D-A236-3682CD534CB6}.Debug|Any CPU.ActiveCfg = Debug|Any CPU
		{F53DD2B4-0498-405D-A236-3682CD534CB6}.Debug|Any CPU.Build.0 = Debug|Any CPU
		{F53DD2B4-0498-405D-A236-3682CD534CB6}.Release|Any CPU.ActiveCfg = Release|Any CPU
		{F53DD2B4-0498-405D-A236-3682CD534CB6}.Release|Any CPU.Build.0 = Release|Any CPU
	EndGlobalSection
	GlobalSection(SolutionProperties) = preSolution
		HideSolutionNode = FALSE
	EndGlobalSection
	GlobalSection(ExtensibilityGlobals) = postSolution
		SolutionGuid = {E4C16FF8-1B38-4CAB-A896-686C9F557AAE}
	EndGlobalSection
EndGlobal
